[ "erlsha2": {:git, "git://github.com/vinoski/erlsha2.git", "c8cc57b1e2a5e92208a51c03aa1bae7eeb9b9338", []},
  "hackney": {:git, "git://github.com/benoitc/hackney.git", "5b0f7eb949ebebd6fabfbc4e08a7b7231850606a", [{:tag, "0.4.4"}]},
  "httpoison": {:git, "git://github.com/edgurgel/httpoison.git", "788cf244e2fb795821b56b8b6c78b8ee55e17c0d", []},
  "jsex": {:git, "git://github.com/talentdeficit/jsex.git", "c9df36f07b2089a73ab6b32074c01728f1e5a2e1", []},
  "jsx": {:git, "git://github.com/talentdeficit/jsx.git", "e50af6e109cb03bd26acf715cbc77de746507d1d", [{:tag, "v1.4.3"}]},
  "mimetypes": {:git, "https://github.com/spawngrid/mimetypes.git", "47d37a977a7d633199822bf6b08353007483d00f", [{:ref, "master"}]} ]
